
Microsoft Visual Studio Solution File, Format Version 12.00
# Visual Studio 2013
VisualStudioVersion = 12.0.31101.0
MinimumVisualStudioVersion = 10.0.40219.1
Project("{D954291E-2A0B-460D-934E-DC6B0785DB48}") = "MobileApp", "MobileApp\MobileApp\MobileApp.shproj", "{DC4BE176-6A4E-490E-8CF7-043A05B2CAC3}"
EndProject
Project("{FAE04EC0-301F-11D3-BF4B-00C04F79EFBC}") = "MobileApp.WinPhone", "MobileApp\MobileApp.WinPhone\MobileApp.WinPhone.csproj", "{F3E89820-073D-44B5-959D-1C8CB3C80196}"
EndProject
Project("{FAE04EC0-301F-11D3-BF4B-00C04F79EFBC}") = "MobileApp.iOS", "MobileApp\MobileApp.iOS\MobileApp.iOS.csproj", "{5813BA98-BE9A-4D9D-9408-B76C2B6093F5}"
EndProject
Project("{FAE04EC0-301F-11D3-BF4B-00C04F79EFBC}") = "MobileApp.Android", "MobileApp\MobileApp.Android\MobileApp.Android.csproj", "{23378859-D49F-4787-87F4-8B216E05F666}"
EndProject
Global
	GlobalSection(SharedMSBuildProjectFiles) = preSolution
		MobileApp\MobileApp\MobileApp.projitems*{dc4be176-6a4e-490e-8cf7-043a05b2cac3}*SharedItemsImports = 13
	EndGlobalSection
	GlobalSection(SolutionConfigurationPlatforms) = preSolution
		Ad-Hoc|Any CPU = Ad-Hoc|Any CPU
		Ad-Hoc|ARM = Ad-Hoc|ARM
		Ad-Hoc|iPhone = Ad-Hoc|iPhone
		Ad-Hoc|iPhoneSimulator = Ad-Hoc|iPhoneSimulator
		Ad-Hoc|Mixed Platforms = Ad-Hoc|Mixed Platforms
		Ad-Hoc|x86 = Ad-Hoc|x86
		AppStore|Any CPU = AppStore|Any CPU
		AppStore|ARM = AppStore|ARM
		AppStore|iPhone = AppStore|iPhone
		AppStore|iPhoneSimulator = AppStore|iPhoneSimulator
		AppStore|Mixed Platforms = AppStore|Mixed Platforms
		AppStore|x86 = AppStore|x86
		Debug|Any CPU = Debug|Any CPU
		Debug|ARM = Debug|ARM
		Debug|iPhone = Debug|iPhone
		Debug|iPhoneSimulator = Debug|iPhoneSimulator
		Debug|Mixed Platforms = Debug|Mixed Platforms
		Debug|x86 = Debug|x86
		Release|Any CPU = Release|Any CPU
		Release|ARM = Release|ARM
		Release|iPhone = Release|iPhone
		Release|iPhoneSimulator = Release|iPhoneSimulator
		Release|Mixed Platforms = Release|Mixed Platforms
		Release|x86 = Release|x86
	EndGlobalSection
	GlobalSection(ProjectConfigurationPlatforms) = postSolution
		{F3E89820-073D-44B5-959D-1C8CB3C80196}.Ad-Hoc|Any CPU.ActiveCfg = Release|Any CPU
		{F3E89820-073D-44B5-959D-1C8CB3C80196}.Ad-Hoc|Any CPU.Build.0 = Release|Any CPU
		{F3E89820-073D-44B5-959D-1C8CB3C80196}.Ad-Hoc|Any CPU.Deploy.0 = Release|Any CPU
		{F3E89820-073D-44B5-959D-1C8CB3C80196}.Ad-Hoc|ARM.ActiveCfg = Release|ARM
		{F3E89820-073D-44B5-959D-1C8CB3C80196}.Ad-Hoc|ARM.Build.0 = Release|ARM
		{F3E89820-073D-44B5-959D-1C8CB3C80196}.Ad-Hoc|ARM.Deploy.0 = Release|ARM
		{F3E89820-073D-44B5-959D-1C8CB3C80196}.Ad-Hoc|iPhone.ActiveCfg = Release|Any CPU
		{F3E89820-073D-44B5-959D-1C8CB3C80196}.Ad-Hoc|iPhoneSimulator.ActiveCfg = Release|Any CPU
		{F3E89820-073D-44B5-959D-1C8CB3C80196}.Ad-Hoc|Mixed Platforms.ActiveCfg = Release|x86
		{F3E89820-073D-44B5-959D-1C8CB3C80196}.Ad-Hoc|Mixed Platforms.Build.0 = Release|x86
		{F3E89820-073D-44B5-959D-1C8CB3C80196}.Ad-Hoc|Mixed Platforms.Deploy.0 = Release|x86
		{F3E89820-073D-44B5-959D-1C8CB3C80196}.Ad-Hoc|x86.ActiveCfg = Release|x86
		{F3E89820-073D-44B5-959D-1C8CB3C80196}.Ad-Hoc|x86.Build.0 = Release|x86
		{F3E89820-073D-44B5-959D-1C8CB3C80196}.Ad-Hoc|x86.Deploy.0 = Release|x86
		{F3E89820-073D-44B5-959D-1C8CB3C80196}.AppStore|Any CPU.ActiveCfg = Release|Any CPU
		{F3E89820-073D-44B5-959D-1C8CB3C80196}.AppStore|Any CPU.Build.0 = Release|Any CPU
		{F3E89820-073D-44B5-959D-1C8CB3C80196}.AppStore|Any CPU.Deploy.0 = Release|Any CPU
		{F3E89820-073D-44B5-959D-1C8CB3C80196}.AppStore|ARM.ActiveCfg = Release|ARM
		{F3E89820-073D-44B5-959D-1C8CB3C80196}.AppStore|ARM.Build.0 = Release|ARM
		{F3E89820-073D-44B5-959D-1C8CB3C80196}.AppStore|ARM.Deploy.0 = Release|ARM
		{F3E89820-073D-44B5-959D-1C8CB3C80196}.AppStore|iPhone.ActiveCfg = Release|Any CPU
		{F3E89820-073D-44B5-959D-1C8CB3C80196}.AppStore|iPhoneSimulator.ActiveCfg = Release|Any CPU
		{F3E89820-073D-44B5-959D-1C8CB3C80196}.AppStore|Mixed Platforms.ActiveCfg = Release|x86
		{F3E89820-073D-44B5-959D-1C8CB3C80196}.AppStore|Mixed Platforms.Build.0 = Release|x86
		{F3E89820-073D-44B5-959D-1C8CB3C80196}.AppStore|Mixed Platforms.Deploy.0 = Release|x86
		{F3E89820-073D-44B5-959D-1C8CB3C80196}.AppStore|x86.ActiveCfg = Release|x86
		{F3E89820-073D-44B5-959D-1C8CB3C80196}.AppStore|x86.Build.0 = Release|x86
		{F3E89820-073D-44B5-959D-1C8CB3C80196}.AppStore|x86.Deploy.0 = Release|x86
		{F3E89820-073D-44B5-959D-1C8CB3C80196}.Debug|Any CPU.ActiveCfg = Debug|Any CPU
		{F3E89820-073D-44B5-959D-1C8CB3C80196}.Debug|Any CPU.Build.0 = Debug|Any CPU
		{F3E89820-073D-44B5-959D-1C8CB3C80196}.Debug|Any CPU.Deploy.0 = Debug|Any CPU
		{F3E89820-073D-44B5-959D-1C8CB3C80196}.Debug|ARM.ActiveCfg = Debug|ARM
		{F3E89820-073D-44B5-959D-1C8CB3C80196}.Debug|ARM.Build.0 = Debug|ARM
		{F3E89820-073D-44B5-959D-1C8CB3C80196}.Debug|ARM.Deploy.0 = Debug|ARM
		{F3E89820-073D-44B5-959D-1C8CB3C80196}.Debug|iPhone.ActiveCfg = Debug|Any CPU
		{F3E89820-073D-44B5-959D-1C8CB3C80196}.Debug|iPhoneSimulator.ActiveCfg = Debug|Any CPU
		{F3E89820-073D-44B5-959D-1C8CB3C80196}.Debug|Mixed Platforms.ActiveCfg = Debug|x86
		{F3E89820-073D-44B5-959D-1C8CB3C80196}.Debug|Mixed Platforms.Build.0 = Debug|x86
		{F3E89820-073D-44B5-959D-1C8CB3C80196}.Debug|Mixed Platforms.Deploy.0 = Debug|x86
		{F3E89820-073D-44B5-959D-1C8CB3C80196}.Debug|x86.ActiveCfg = Debug|x86
		{F3E89820-073D-44B5-959D-1C8CB3C80196}.Debug|x86.Build.0 = Debug|x86
		{F3E89820-073D-44B5-959D-1C8CB3C80196}.Debug|x86.Deploy.0 = Debug|x86
		{F3E89820-073D-44B5-959D-1C8CB3C80196}.Release|Any CPU.ActiveCfg = Release|Any CPU
		{F3E89820-073D-44B5-959D-1C8CB3C80196}.Release|Any CPU.Build.0 = Release|Any CPU
		{F3E89820-073D-44B5-959D-1C8CB3C80196}.Release|Any CPU.Deploy.0 = Release|Any CPU
		{F3E89820-073D-44B5-959D-1C8CB3C80196}.Release|ARM.ActiveCfg = Release|ARM
		{F3E89820-073D-44B5-959D-1C8CB3C80196}.Release|ARM.Build.0 = Release|ARM
		{F3E89820-073D-44B5-959D-1C8CB3C80196}.Release|ARM.Deploy.0 = Release|ARM
		{F3E89820-073D-44B5-959D-1C8CB3C80196}.Release|iPhone.ActiveCfg = Release|Any CPU
		{F3E89820-073D-44B5-959D-1C8CB3C80196}.Release|iPhoneSimulator.ActiveCfg = Release|Any CPU
		{F3E89820-073D-44B5-959D-1C8CB3C80196}.Release|Mixed Platforms.ActiveCfg = Release|x86
		{F3E89820-073D-44B5-959D-1C8CB3C80196}.Release|Mixed Platforms.Build.0 = Release|x86
		{F3E89820-073D-44B5-959D-1C8CB3C80196}.Release|Mixed Platforms.Deploy.0 = Release|x86
		{F3E89820-073D-44B5-959D-1C8CB3C80196}.Release|x86.ActiveCfg = Release|x86
		{F3E89820-073D-44B5-959D-1C8CB3C80196}.Release|x86.Build.0 = Release|x86
		{F3E89820-073D-44B5-959D-1C8CB3C80196}.Release|x86.Deploy.0 = Release|x86
		{5813BA98-BE9A-4D9D-9408-B76C2B6093F5}.Ad-Hoc|Any CPU.ActiveCfg = Ad-Hoc|iPhone
		{5813BA98-BE9A-4D9D-9408-B76C2B6093F5}.Ad-Hoc|ARM.ActiveCfg = Ad-Hoc|iPhone
		{5813BA98-BE9A-4D9D-9408-B76C2B6093F5}.Ad-Hoc|iPhone.ActiveCfg = Ad-Hoc|iPhone
		{5813BA98-BE9A-4D9D-9408-B76C2B6093F5}.Ad-Hoc|iPhone.Build.0 = Ad-Hoc|iPhone
		{5813BA98-BE9A-4D9D-9408-B76C2B6093F5}.Ad-Hoc|iPhoneSimulator.ActiveCfg = Ad-Hoc|iPhoneSimulator
		{5813BA98-BE9A-4D9D-9408-B76C2B6093F5}.Ad-Hoc|iPhoneSimulator.Build.0 = Ad-Hoc|iPhoneSimulator
		{5813BA98-BE9A-4D9D-9408-B76C2B6093F5}.Ad-Hoc|Mixed Platforms.ActiveCfg = Ad-Hoc|iPhone
		{5813BA98-BE9A-4D9D-9408-B76C2B6093F5}.Ad-Hoc|Mixed Platforms.Build.0 = Ad-Hoc|iPhone
		{5813BA98-BE9A-4D9D-9408-B76C2B6093F5}.Ad-Hoc|x86.ActiveCfg = Ad-Hoc|iPhone
		{5813BA98-BE9A-4D9D-9408-B76C2B6093F5}.AppStore|Any CPU.ActiveCfg = AppStore|iPhone
		{5813BA98-BE9A-4D9D-9408-B76C2B6093F5}.AppStore|ARM.ActiveCfg = AppStore|iPhone
		{5813BA98-BE9A-4D9D-9408-B76C2B6093F5}.AppStore|iPhone.ActiveCfg = AppStore|iPhone
		{5813BA98-BE9A-4D9D-9408-B76C2B6093F5}.AppStore|iPhone.Build.0 = AppStore|iPhone
		{5813BA98-BE9A-4D9D-9408-B76C2B6093F5}.AppStore|iPhoneSimulator.ActiveCfg = AppStore|iPhoneSimulator
		{5813BA98-BE9A-4D9D-9408-B76C2B6093F5}.AppStore|iPhoneSimulator.Build.0 = AppStore|iPhoneSimulator
		{5813BA98-BE9A-4D9D-9408-B76C2B6093F5}.AppStore|Mixed Platforms.ActiveCfg = AppStore|iPhone
		{5813BA98-BE9A-4D9D-9408-B76C2B6093F5}.AppStore|Mixed Platforms.Build.0 = AppStore|iPhone
		{5813BA98-BE9A-4D9D-9408-B76C2B6093F5}.AppStore|x86.ActiveCfg = AppStore|iPhone
		{5813BA98-BE9A-4D9D-9408-B76C2B6093F5}.Debug|Any CPU.ActiveCfg = Debug|iPhone
		{5813BA98-BE9A-4D9D-9408-B76C2B6093F5}.Debug|ARM.ActiveCfg = Debug|iPhone
		{5813BA98-BE9A-4D9D-9408-B76C2B6093F5}.Debug|iPhone.ActiveCfg = Debug|iPhone
		{5813BA98-BE9A-4D9D-9408-B76C2B6093F5}.Debug|iPhone.Build.0 = Debug|iPhone
		{5813BA98-BE9A-4D9D-9408-B76C2B6093F5}.Debug|iPhoneSimulator.ActiveCfg = Debug|iPhoneSimulator
		{5813BA98-BE9A-4D9D-9408-B76C2B6093F5}.Debug|iPhoneSimulator.Build.0 = Debug|iPhoneSimulator
		{5813BA98-BE9A-4D9D-9408-B76C2B6093F5}.Debug|Mixed Platforms.ActiveCfg = Debug|iPhone
		{5813BA98-BE9A-4D9D-9408-B76C2B6093F5}.Debug|Mixed Platforms.Build.0 = Debug|iPhone
		{5813BA98-BE9A-4D9D-9408-B76C2B6093F5}.Debug|x86.ActiveCfg = Debug|iPhone
		{5813BA98-BE9A-4D9D-9408-B76C2B6093F5}.Release|Any CPU.ActiveCfg = Release|iPhone
		{5813BA98-BE9A-4D9D-9408-B76C2B6093F5}.Release|ARM.ActiveCfg = Release|iPhone
		{5813BA98-BE9A-4D9D-9408-B76C2B6093F5}.Release|iPhone.ActiveCfg = Release|iPhone
		{5813BA98-BE9A-4D9D-9408-B76C2B6093F5}.Release|iPhone.Build.0 = Release|iPhone
		{5813BA98-BE9A-4D9D-9408-B76C2B6093F5}.Release|iPhoneSimulator.ActiveCfg = Release|iPhoneSimulator
		{5813BA98-BE9A-4D9D-9408-B76C2B6093F5}.Release|iPhoneSimulator.Build.0 = Release|iPhoneSimulator
		{5813BA98-BE9A-4D9D-9408-B76C2B6093F5}.Release|Mixed Platforms.ActiveCfg = Release|iPhone
		{5813BA98-BE9A-4D9D-9408-B76C2B6093F5}.Release|Mixed Platforms.Build.0 = Release|iPhone
		{5813BA98-BE9A-4D9D-9408-B76C2B6093F5}.Release|x86.ActiveCfg = Release|iPhone
		{23378859-D49F-4787-87F4-8B216E05F666}.Ad-Hoc|Any CPU.ActiveCfg = Release|Any CPU
		{23378859-D49F-4787-87F4-8B216E05F666}.Ad-Hoc|Any CPU.Build.0 = Release|Any CPU
		{23378859-D49F-4787-87F4-8B216E05F666}.Ad-Hoc|Any CPU.Deploy.0 = Release|Any CPU
		{23378859-D49F-4787-87F4-8B216E05F666}.Ad-Hoc|ARM.ActiveCfg = Release|Any CPU
		{23378859-D49F-4787-87F4-8B216E05F666}.Ad-Hoc|iPhone.ActiveCfg = Release|Any CPU
		{23378859-D49F-4787-87F4-8B216E05F666}.Ad-Hoc|iPhoneSimulator.ActiveCfg = Release|Any CPU
		{23378859-D49F-4787-87F4-8B216E05F666}.Ad-Hoc|Mixed Platforms.ActiveCfg = Release|Any CPU
		{23378859-D49F-4787-87F4-8B216E05F666}.Ad-Hoc|Mixed Platforms.Build.0 = Release|Any CPU
		{23378859-D49F-4787-87F4-8B216E05F666}.Ad-Hoc|Mixed Platforms.Deploy.0 = Release|Any CPU
		{23378859-D49F-4787-87F4-8B216E05F666}.Ad-Hoc|x86.ActiveCfg = Release|Any CPU
		{23378859-D49F-4787-87F4-8B216E05F666}.AppStore|Any CPU.ActiveCfg = Release|Any CPU
		{23378859-D49F-4787-87F4-8B216E05F666}.AppStore|Any CPU.Build.0 = Release|Any CPU
		{23378859-D49F-4787-87F4-8B216E05F666}.AppStore|Any CPU.Deploy.0 = Release|Any CPU
		{23378859-D49F-4787-87F4-8B216E05F666}.AppStore|ARM.ActiveCfg = Release|Any CPU
		{23378859-D49F-4787-87F4-8B216E05F666}.AppStore|iPhone.ActiveCfg = Release|Any CPU
		{23378859-D49F-4787-87F4-8B216E05F666}.AppStore|iPhoneSimulator.ActiveCfg = Release|Any CPU
		{23378859-D49F-4787-87F4-8B216E05F666}.AppStore|Mixed Platforms.ActiveCfg = Release|Any CPU
		{23378859-D49F-4787-87F4-8B216E05F666}.AppStore|Mixed Platforms.Build.0 = Release|Any CPU
		{23378859-D49F-4787-87F4-8B216E05F666}.AppStore|Mixed Platforms.Deploy.0 = Release|Any CPU
		{23378859-D49F-4787-87F4-8B216E05F666}.AppStore|x86.ActiveCfg = Release|Any CPU
		{23378859-D49F-4787-87F4-8B216E05F666}.Debug|Any CPU.ActiveCfg = Debug|Any CPU
		{23378859-D49F-4787-87F4-8B216E05F666}.Debug|Any CPU.Build.0 = Debug|Any CPU
		{23378859-D49F-4787-87F4-8B216E05F666}.Debug|Any CPU.Deploy.0 = Debug|Any CPU
		{23378859-D49F-4787-87F4-8B216E05F666}.Debug|ARM.ActiveCfg = Debug|Any CPU
		{23378859-D49F-4787-87F4-8B216E05F666}.Debug|iPhone.ActiveCfg = Debug|Any CPU
		{23378859-D49F-4787-87F4-8B216E05F666}.Debug|iPhoneSimulator.ActiveCfg = Debug|Any CPU
		{23378859-D49F-4787-87F4-8B216E05F666}.Debug|Mixed Platforms.ActiveCfg = Debug|Any CPU
		{23378859-D49F-4787-87F4-8B216E05F666}.Debug|Mixed Platforms.Build.0 = Debug|Any CPU
		{23378859-D49F-4787-87F4-8B216E05F666}.Debug|Mixed Platforms.Deploy.0 = Debug|Any CPU
		{23378859-D49F-4787-87F4-8B216E05F666}.Debug|x86.ActiveCfg = Debug|Any CPU
		{23378859-D49F-4787-87F4-8B216E05F666}.Release|Any CPU.ActiveCfg = Release|Any CPU
		{23378859-D49F-4787-87F4-8B216E05F666}.Release|Any CPU.Build.0 = Release|Any CPU
		{23378859-D49F-4787-87F4-8B216E05F666}.Release|Any CPU.Deploy.0 = Release|Any CPU
		{23378859-D49F-4787-87F4-8B216E05F666}.Release|ARM.ActiveCfg = Release|Any CPU
		{23378859-D49F-4787-87F4-8B216E05F666}.Release|iPhone.ActiveCfg = Release|Any CPU
		{23378859-D49F-4787-87F4-8B216E05F666}.Release|iPhoneSimulator.ActiveCfg = Release|Any CPU
		{23378859-D49F-4787-87F4-8B216E05F666}.Release|Mixed Platforms.ActiveCfg = Release|Any CPU
		{23378859-D49F-4787-87F4-8B216E05F666}.Release|Mixed Platforms.Build.0 = Release|Any CPU
		{23378859-D49F-4787-87F4-8B216E05F666}.Release|Mixed Platforms.Deploy.0 = Release|Any CPU
		{23378859-D49F-4787-87F4-8B216E05F666}.Release|x86.ActiveCfg = Release|Any CPU
	EndGlobalSection
	GlobalSection(SolutionProperties) = preSolution
		HideSolutionNode = FALSE
	EndGlobalSection
EndGlobal
